
Microsoft Visual Studio Solution File, Format Version 12.00
# Visual Studio Version 17
VisualStudioVersion = 17.11.35219.272
MinimumVisualStudioVersion = 10.0.40219.1
Project("{FAE04EC0-301F-11D3-BF4B-00C04F79EFBC}") = "EF_7.1", "EF_7.1\EF_7.1.csproj", "{53E107DA-B729-4AA1-93B9-7AFA897F7AD2}"
EndProject
Global
	GlobalSection(SolutionConfigurationPlatforms) = preSolution
		Debug|Any CPU = Debug|Any CPU
		Release|Any CPU = Release|Any CPU
	EndGlobalSection
	GlobalSection(ProjectConfigurationPlatforms) = postSolution
		{53E107DA-B729-4AA1-93B9-7AFA897F7AD2}.Debug|Any CPU.ActiveCfg = Debug|Any CPU
		{53E107DA-B729-4AA1-93B9-7AFA897F7AD2}.Debug|Any CPU.Build.0 = Debug|Any CPU
		{53E107DA-B729-4AA1-93B9-7AFA897F7AD2}.Release|Any CPU.ActiveCfg = Release|Any CPU
		{53E107DA-B729-4AA1-93B9-7AFA897F7AD2}.Release|Any CPU.Build.0 = Release|Any CPU
	EndGlobalSection
	GlobalSection(SolutionProperties) = preSolution
		HideSolutionNode = FALSE
	EndGlobalSection
	GlobalSection(ExtensibilityGlobals) = postSolution
		SolutionGuid = {BD314984-5875-4766-A889-4A7926516E5C}
	EndGlobalSection
EndGlobal
